PODS:
  - AFNetworking (3.1.0):
    - AFNetworking/NSURLSession (= 3.1.0)
    - AFNetworking/Reachability (= 3.1.0)
    - AFNetworking/Security (= 3.1.0)
    - AFNetworking/Serialization (= 3.1.0)
    - AFNetworking/UIKit (= 3.1.0)
  - AFNetworking/NSURLSession (3.1.0):
    - AFNetworking/Reachability
    - AFNetworking/Security
    - AFNetworking/Serialization
  - AFNetworking/Reachability (3.1.0)
  - AFNetworking/Security (3.1.0)
  - AFNetworking/Serialization (3.1.0)
  - AFNetworking/UIKit (3.1.0):
    - AFNetworking/NSURLSession
  - PPComLib (0.1.7):
    - AFNetworking (~> 3.0)
    - PPJTSImageViewController
    - SDWebImage (~> 3.8.1)
    - SocketRocket
  - PPJTSImageViewController (1.5.2)
  - SDWebImage (3.8.1):
    - SDWebImage/Core (= 3.8.1)
  - SDWebImage/Core (3.8.1)
  - SocketRocket (0.5.1)

DEPENDENCIES:
  - PPComLib (from `../`)

EXTERNAL SOURCES:
  PPComLib:
    :path: ../

SPEC CHECKSUMS:
  AFNetworking: 5e0e199f73d8626b11e79750991f5d173d1f8b67
  PPComLib: b6a06aaf0eb95386135b293ecd0097228130b9c9
  PPJTSImageViewController: a5427285638e8e4c9c6840c0ecf75a981e2ec1a1
  SDWebImage: 35f9627a3e44b4f292a8a8ce6a531fa488239b91
  SocketRocket: d57c7159b83c3c6655745cd15302aa24b6bae531

PODFILE CHECKSUM: 1339e3f12eed989c3272897348356fda105deff5

COCOAPODS: 1.0.1
